
Microsoft Visual Studio Solution File, Format Version 12.00
# Visual Studio Version 17
VisualStudioVersion = 17.2.32630.192
MinimumVisualStudioVersion = 10.0.40219.1
Project("{8BC9CEB8-8B4A-11D0-8D11-00A0C91BC942}") = "HelloYouC", "HelloYouC\HelloYouC.vcxproj", "{211C66A5-7004-4037-9AD0-B3225B76F6AE}"
EndProject
Project("{FAE04EC0-301F-11D3-BF4B-00C04F79EFBC}") = "HelloYouCS", "HelloYouCS\HelloYouCS.csproj", "{7CAE00E8-3068-4D60-9F8F-7D5192D07825}"
EndProject
Global
	GlobalSection(SolutionConfigurationPlatforms) = preSolution
		Debug|Any CPU = Debug|Any CPU
		Debug|x64 = Debug|x64
		Debug|x86 = Debug|x86
		Release|Any CPU = Release|Any CPU
		Release|x64 = Release|x64
		Release|x86 = Release|x86
	EndGlobalSection
	GlobalSection(ProjectConfigurationPlatforms) = postSolution
		{211C66A5-7004-4037-9AD0-B3225B76F6AE}.Debug|Any CPU.ActiveCfg = Debug|x64
		{211C66A5-7004-4037-9AD0-B3225B76F6AE}.Debug|Any CPU.Build.0 = Debug|x64
		{211C66A5-7004-4037-9AD0-B3225B76F6AE}.Debug|x64.ActiveCfg = Debug|x64
		{211C66A5-7004-4037-9AD0-B3225B76F6AE}.Debug|x64.Build.0 = Debug|x64
		{211C66A5-7004-4037-9AD0-B3225B76F6AE}.Debug|x86.ActiveCfg = Debug|Win32
		{211C66A5-7004-4037-9AD0-B3225B76F6AE}.Debug|x86.Build.0 = Debug|Win32
		{211C66A5-7004-4037-9AD0-B3225B76F6AE}.Release|Any CPU.ActiveCfg = Release|x64
		{211C66A5-7004-4037-9AD0-B3225B76F6AE}.Release|Any CPU.Build.0 = Release|x64
		{211C66A5-7004-4037-9AD0-B3225B76F6AE}.Release|x64.ActiveCfg = Release|x64
		{211C66A5-7004-4037-9AD0-B3225B76F6AE}.Release|x64.Build.0 = Release|x64
		{211C66A5-7004-4037-9AD0-B3225B76F6AE}.Release|x86.ActiveCfg = Release|Win32
		{211C66A5-7004-4037-9AD0-B3225B76F6AE}.Release|x86.Build.0 = Release|Win32
		{7CAE00E8-3068-4D60-9F8F-7D5192D07825}.Debug|Any CPU.ActiveCfg = Debug|Any CPU
		{7CAE00E8-3068-4D60-9F8F-7D5192D07825}.Debug|Any CPU.Build.0 = Debug|Any CPU
		{7CAE00E8-3068-4D60-9F8F-7D5192D07825}.Debug|x64.ActiveCfg = Debug|Any CPU
		{7CAE00E8-3068-4D60-9F8F-7D5192D07825}.Debug|x64.Build.0 = Debug|Any CPU
		{7CAE00E8-3068-4D60-9F8F-7D5192D07825}.Debug|x86.ActiveCfg = Debug|Any CPU
		{7CAE00E8-3068-4D60-9F8F-7D5192D07825}.Debug|x86.Build.0 = Debug|Any CPU
		{7CAE00E8-3068-4D60-9F8F-7D5192D07825}.Release|Any CPU.ActiveCfg = Release|Any CPU
		{7CAE00E8-3068-4D60-9F8F-7D5192D07825}.Release|Any CPU.Build.0 = Release|Any CPU
		{7CAE00E8-3068-4D60-9F8F-7D5192D07825}.Release|x64.ActiveCfg = Release|Any CPU
		{7CAE00E8-3068-4D60-9F8F-7D5192D07825}.Release|x64.Build.0 = Release|Any CPU
		{7CAE00E8-3068-4D60-9F8F-7D5192D07825}.Release|x86.ActiveCfg = Release|Any CPU
		{7CAE00E8-3068-4D60-9F8F-7D5192D07825}.Release|x86.Build.0 = Release|Any CPU
	EndGlobalSection
	GlobalSection(SolutionProperties) = preSolution
		HideSolutionNode = FALSE
	EndGlobalSection
	GlobalSection(ExtensibilityGlobals) = postSolution
		SolutionGuid = {F6A615A3-56CC-4C16-A53E-F3C8B6F7DD27}
	EndGlobalSection
EndGlobal
